{
  "nodes": {
    "disko": {
      "inputs": {
        "nixpkgs": "nixpkgs"
      },
      "locked": {
        "lastModified": 1773889306,
        "narHash": "sha256-PAqwnsBSI9SVC2QugvQ3xeYCB0otOwCacB1ueQj2tgw=",
        "owner": "nix-community",
        "repo": "disko",
        "rev": "5ad85c82cc52264f4beddc934ba57f3789f28347",
        "type": "github"
      },
      "original": {
        "owner": "nix-community",
        "repo": "disko",
        "type": "github"
      }
    },
    "flake-compat": {
      "flake": false,
      "locked": {
        "lastModified": 1767039857,
        "narHash": "sha256-vNpUSpF5Nuw8xvDLj2KCwwksIbjua2LZCqhV1LNRDns=",
        "owner": "edolstra",
        "repo": "flake-compat",
        "rev": "5edf11c44bc78a0d334f6334cdaf7d60d732daab",
        "type": "github"
      },
      "original": {
        "owner": "edolstra",
        "repo": "flake-compat",
        "type": "github"
      }
    },
    "flexoki-dark-yazi": {
      "flake": false,
      "locked": {
        "lastModified": 1772016989,
        "narHash": "sha256-z8USdFAWqDl+8+aM83Hy0Wjjkdq62LC5PwcVpDMOWWY=",
        "owner": "gosxrgxx",
        "repo": "flexoki-dark.yazi",
        "rev": "25d28ce199a5189dbad5d17a526d0ebdece63532",
        "type": "github"
      },
      "original": {
        "owner": "gosxrgxx",
        "repo": "flexoki-dark.yazi",
        "type": "github"
      }
    },
    "flexoki-light-yazi": {
      "flake": false,
      "locked": {
        "lastModified": 1772019268,
        "narHash": "sha256-yIYkgGeYHl3/iRrKzsPnh2nw0PwPD/LYm1BQMy/yvBw=",
        "owner": "gosxrgxx",
        "repo": "flexoki-light.yazi",
        "rev": "1b1e67795a3eeec51aec0be74b3d76316be9aaa1",
        "type": "github"
      },
      "original": {
        "owner": "gosxrgxx",
        "repo": "flexoki-light.yazi",
        "type": "github"
      }
    },
    "nixos-wsl": {
      "inputs": {
        "flake-compat": "flake-compat",
        "nixpkgs": "nixpkgs_2"
      },
      "locked": {
        "lastModified": 1773876229,
        "narHash": "sha256-ncup+eYqHABZzBgwfQzxOXWHIcjN4kkZl9QTb4cgNm8=",
        "owner": "nix-community",
        "repo": "NixOS-WSL",
        "rev": "381bc12a25d49c6b798f98ab33a8d951ec54659b",
        "type": "github"
      },
      "original": {
        "owner": "nix-community",
        "ref": "release-25.11",
        "repo": "NixOS-WSL",
        "type": "github"
      }
    },
    "nixpkgs": {
      "locked": {
        "lastModified": 1773628058,
        "narHash": "sha256-hpXH0z3K9xv0fHaje136KY872VT2T5uwxtezlAskQgY=",
        "owner": "NixOS",
        "repo": "nixpkgs",
        "rev": "f8573b9c935cfaa162dd62cc9e75ae2db86f85df",
        "type": "github"
      },
      "original": {
        "owner": "NixOS",
        "ref": "nixpkgs-unstable",
        "repo": "nixpkgs",
        "type": "github"
      }
    },
    "nixpkgs_2": {
      "locked": {
        "lastModified": 1772047000,
        "narHash": "sha256-7DaQVv4R97cii/Qdfy4tmDZMB2xxtyIvNGSwXBBhSmo=",
        "owner": "NixOS",
        "repo": "nixpkgs",
        "rev": "1267bb4920d0fc06ea916734c11b0bf004bbe17e",
        "type": "github"
      },
      "original": {
        "owner": "NixOS",
        "ref": "nixos-25.11",
        "repo": "nixpkgs",
        "type": "github"
      }
    },
    "nixpkgs_3": {
      "locked": {
        "lastModified": 1774388614,
        "narHash": "sha256-tFwzTI0DdDzovdE9+Ras6CUss0yn8P9XV4Ja6RjA+nU=",
        "owner": "NixOS",
        "repo": "nixpkgs",
        "rev": "1073dad219cb244572b74da2b20c7fe39cb3fa9e",
        "type": "github"
      },
      "original": {
        "owner": "NixOS",
        "ref": "nixos-25.11",
        "repo": "nixpkgs",
        "type": "github"
      }
    },
    "root": {
      "inputs": {
        "disko": "disko",
        "flexoki-dark-yazi": "flexoki-dark-yazi",
        "flexoki-light-yazi": "flexoki-light-yazi",
        "nixos-wsl": "nixos-wsl",
        "nixpkgs": "nixpkgs_3"
      }
    }
  },
  "root": "root",
  "version": 7
}
